
Microsoft Visual Studio Solution File, Format Version 12.00
# Visual Studio Version 16
VisualStudioVersion = 16.0.28803.156
MinimumVisualStudioVersion = 10.0.40219.1
Project("{E24C65DC-7377-472B-9ABA-BC803B73C61A}") = "nord-anglia-bus-routes", ".", "{1F6BBA00-2838-44BB-82FB-A11531C4822C}"
	ProjectSection(WebsiteProperties) = preProject
		TargetFrameworkMoniker = ".NETFramework,Version%3Dv4.0"
		Debug.AspNetCompiler.VirtualPath = "/localhost_56479"
		Debug.AspNetCompiler.PhysicalPath = "..\..\..\..\..\__BITBUCKET\nord-anglia-bus-routes\"
		Debug.AspNetCompiler.TargetPath = "PrecompiledWeb\localhost_56479\"
		Debug.AspNetCompiler.Updateable = "true"
		Debug.AspNetCompiler.ForceOverwrite = "true"
		Debug.AspNetCompiler.FixedNames = "false"
		Debug.AspNetCompiler.Debug = "True"
		Release.AspNetCompiler.VirtualPath = "/localhost_56479"
		Release.AspNetCompiler.PhysicalPath = "..\..\..\..\..\__BITBUCKET\nord-anglia-bus-routes\"
		Release.AspNetCompiler.TargetPath = "PrecompiledWeb\localhost_56479\"
		Release.AspNetCompiler.Updateable = "true"
		Release.AspNetCompiler.ForceOverwrite = "true"
		Release.AspNetCompiler.FixedNames = "false"
		Release.AspNetCompiler.Debug = "False"
		VWDPort = "56479"
	EndProjectSection
EndProject
Global
	GlobalSection(SolutionConfigurationPlatforms) = preSolution
		Debug|Any CPU = Debug|Any CPU
	EndGlobalSection
	GlobalSection(ProjectConfigurationPlatforms) = postSolution
		{1F6BBA00-2838-44BB-82FB-A11531C4822C}.Debug|Any CPU.ActiveCfg = Debug|Any CPU
		{1F6BBA00-2838-44BB-82FB-A11531C4822C}.Debug|Any CPU.Build.0 = Debug|Any CPU
	EndGlobalSection
	GlobalSection(SolutionProperties) = preSolution
		HideSolutionNode = FALSE
	EndGlobalSection
	GlobalSection(ExtensibilityGlobals) = postSolution
		SolutionGuid = {57847691-3A00-4E5D-87A2-95D4D52D8699}
	EndGlobalSection
EndGlobal
